# This file is autogenerated, do not edit; changes may be undone by the next 'dep ensure'.


[[projects]]
  name = "github.com/bitly/go-simplejson"
  packages = ["."]
  revision = "aabad6e819789e569bd6aabf444c935aa9ba1e44"
  version = "v0.5.0"

[[projects]]
  name = "github.com/boj/redistore"
  packages = ["."]
  revision = "fc113767cd6b051980f260d6dbe84b2740c46ab0"
  version = "v1.2"

[[projects]]
  branch = "master"
  name = "github.com/buger/jsonparser"
  packages = ["."]
  revision = "2cac668e8456b4284edb0715e17e2af02d3ec993"

[[projects]]
  branch = "master"
  name = "github.com/corpix/uarand"
  packages = ["."]
  revision = "2b8494104d86337cdd41d0a49cbed8e4583c0ab4"

[[projects]]
  name = "github.com/davecgh/go-spew"
  packages = ["spew"]
  revision = "346938d642f2ec3594ed81d874461961cd0faa76"
  version = "v1.1.0"

[[projects]]
  name = "github.com/dlclark/regexp2"
  packages = [
    ".",
    "syntax"
  ]
  revision = "487489b64fb796de2e55f4e8a4ad1e145f80e957"
  version = "v1.1.6"

[[projects]]
  branch = "master"
  name = "github.com/dop251/goja"
  packages = [
    ".",
    "ast",
    "file",
    "parser",
    "token"
  ]
  revision = "9183045acc25574e0dd2ad37d5e7f978b1a4de12"

[[projects]]
  name = "github.com/garyburd/redigo"
  packages = [
    "internal",
    "redis"
  ]
  revision = "a69d19351219b6dd56f274f96d85a7014a2ec34e"
  version = "v1.6.0"

[[projects]]
  branch = "master"
  name = "github.com/gin-contrib/sse"
  packages = ["."]
  revision = "22d885f9ecc78bf4ee5d72b937e4bbcdc58e8cae"

[[projects]]
  branch = "master"
  name = "github.com/gin-gonic/contrib"
  packages = ["sessions"]
  revision = "39cfb9727134fef3120d2458fce5fab14265a46c"

[[projects]]
  name = "github.com/gin-gonic/gin"
  packages = [
    ".",
    "binding",
    "render"
  ]
  revision = "d459835d2b077e44f7c9b453505ee29881d5d12d"
  version = "v1.2"

[[projects]]
  name = "github.com/go-sourcemap/sourcemap"
  packages = [
    ".",
    "internal/base64vlq"
  ]
  revision = "b019cc30c1eaa584753491b0d8f8c1534bf1eb44"
  version = "v2.1.2"

[[projects]]
  name = "github.com/go-stack/stack"
  packages = ["."]
  revision = "259ab82a6cad3992b4e21ff5cac294ccb06474bc"
  version = "v1.7.0"

[[projects]]
  name = "github.com/golang/protobuf"
  packages = ["proto"]
  revision = "b4deda0973fb4c70b50d226b1af49f3da59f5265"
  version = "v1.1.0"

[[projects]]
  branch = "master"
  name = "github.com/golang/snappy"
  packages = ["."]
  revision = "2e65f85255dbc3072edf28d6b5b8efc472979f5a"

[[projects]]
  name = "github.com/gorilla/context"
  packages = ["."]
  revision = "08b5f424b9271eedf6f9f0ce86cb9396ed337a42"
  version = "v1.1.1"

[[projects]]
  name = "github.com/gorilla/securecookie"
  packages = ["."]
  revision = "e59506cc896acb7f7bf732d4fdf5e25f7ccd8983"
  version = "v1.1.1"

[[projects]]
  name = "github.com/gorilla/sessions"
  packages = ["."]
  revision = "03b6f63cc43ef9c7240a635a5e22b13180e822b8"
  version = "v1.1.1"

[[projects]]
  branch = "master"
  name = "github.com/icrowley/fake"
  packages = ["."]
  revision = "4178557ae428460c3780a381c824a1f3aceb6325"

[[projects]]
  name = "github.com/itsjamie/gin-cors"
  packages = ["."]
  revision = "97b4a9da79331dfa2b6d35f4cdd1e50f5148859c"
  version = "1.0.0"

[[projects]]
  branch = "master"
  name = "github.com/juju/errors"
  packages = ["."]
  revision = "c7d06af17c68cd34c835053720b21f6549d9b0ee"

[[projects]]
  name = "github.com/kr/pretty"
  packages = ["."]
  revision = "73f6ac0b30a98e433b289500d779f50c1a6f0712"
  version = "v0.1.0"

[[projects]]
  name = "github.com/kr/text"
  packages = ["."]
  revision = "e2ffdb16a802fe2bb95e2e35ff34f0e53aeef34f"
  version = "v0.1.0"

[[projects]]
  name = "github.com/mattn/go-isatty"
  packages = ["."]
  revision = "0360b2af4f38e8d38c7fce2a9f4e702702d73a39"
  version = "v0.0.3"

[[projects]]
  branch = "master"
  name = "github.com/mitre/heart"
  packages = ["."]
  revision = "0c46b433a490476c34ce33205e87a72c8e0bc7ef"

[[projects]]
  name = "github.com/mongodb/mongo-go-driver"
  packages = [
    "bson",
    "bson/builder",
    "bson/decimal",
    "bson/elements",
    "bson/objectid",
    "bson/parser",
    "bson/parser/ast",
    "core/address",
    "core/auth",
    "core/auth/internal/gssapi",
    "core/command",
    "core/compressor",
    "core/connection",
    "core/connstring",
    "core/description",
    "core/dispatch",
    "core/event",
    "core/option",
    "core/readconcern",
    "core/readpref",
    "core/result",
    "core/session",
    "core/tag",
    "core/topology",
    "core/uuid",
    "core/version",
    "core/wiremessage",
    "core/writeconcern",
    "internal",
    "mongo",
    "mongo/aggregateopt",
    "mongo/changestreamopt",
    "mongo/clientopt",
    "mongo/collectionopt",
    "mongo/countopt",
    "mongo/dbopt",
    "mongo/deleteopt",
    "mongo/distinctopt",
    "mongo/dropcollopt",
    "mongo/findopt",
    "mongo/indexopt",
    "mongo/insertopt",
    "mongo/listcollectionopt",
    "mongo/listdbopt",
    "mongo/mongoopt",
    "mongo/replaceopt",
    "mongo/runcmdopt",
    "mongo/sessionopt",
    "mongo/updateopt"
  ]
  revision = "9b26cbb1a61aaedd6160e99c41fa514b04a1a245"
  version = "v0.0.11"

[[projects]]
  branch = "master"
  name = "github.com/pebbe/util"
  packages = ["."]
  revision = "e0e04dfe647cbd76fc8a1fba55406e60a2e49a11"

[[projects]]
  name = "github.com/pkg/errors"
  packages = ["."]
  revision = "645ef00459ed84a119197bfb8d8205042c6df63d"
  version = "v0.8.0"

[[projects]]
  name = "github.com/pmezard/go-difflib"
  packages = ["difflib"]
  revision = "792786c7400a136282c1664665ae0a8db921c6c2"
  version = "v1.0.0"

[[projects]]
  name = "github.com/stretchr/testify"
  packages = [
    "assert",
    "require",
    "suite"
  ]
  revision = "f35b8ab0b5a2cef36673838d662e249dd9c94686"
  version = "v1.2.2"

[[projects]]
  name = "github.com/ugorji/go"
  packages = ["codec"]
  revision = "b4c50a2b199d93b13dc15e78929cfb23bfdf21ab"
  version = "v1.1.1"

[[projects]]
  branch = "master"
  name = "golang.org/x/crypto"
  packages = ["pbkdf2"]
  revision = "aabede6cba87e37f413b3e60ebfc214f8eeca1b0"

[[projects]]
  branch = "master"
  name = "golang.org/x/net"
  packages = [
    "context",
    "context/ctxhttp"
  ]
  revision = "cffdcf672aee934982473246bc7e9a8ba446aa9b"

[[projects]]
  branch = "master"
  name = "golang.org/x/oauth2"
  packages = [
    ".",
    "internal"
  ]
  revision = "ef147856a6ddbb60760db74283d2424e98c87bff"

[[projects]]
  branch = "master"
  name = "golang.org/x/sync"
  packages = ["semaphore"]
  revision = "1d60e4601c6fd243af51cc01ddf169918a5407ca"

[[projects]]
  branch = "master"
  name = "golang.org/x/sys"
  packages = ["unix"]
  revision = "1b2967e3c290b7c545b3db0deeda16e9be4f98a2"

[[projects]]
  name = "golang.org/x/text"
  packages = [
    "cases",
    "collate",
    "collate/build",
    "internal",
    "internal/colltab",
    "internal/gen",
    "internal/tag",
    "internal/triegen",
    "internal/ucd",
    "language",
    "transform",
    "unicode/cldr",
    "unicode/norm"
  ]
  revision = "f21a4dfb5e38f5895301dc265a8def02365cc3d0"
  version = "v0.3.0"

[[projects]]
  name = "google.golang.org/appengine"
  packages = [
    "internal",
    "internal/base",
    "internal/datastore",
    "internal/log",
    "internal/remote_api",
    "internal/urlfetch",
    "urlfetch"
  ]
  revision = "b1f26356af11148e710935ed1ac8a7f5702c7612"
  version = "v1.1.0"

[[projects]]
  branch = "v1"
  name = "gopkg.in/check.v1"
  packages = ["."]
  revision = "788fd78401277ebd861206a03c884797c6ec5541"

[[projects]]
  name = "gopkg.in/go-playground/validator.v8"
  packages = ["."]
  revision = "5f1438d3fca68893a817e4a66806cea46a9e4ebf"
  version = "v8.18.2"

[[projects]]
  branch = "v2"
  name = "gopkg.in/mgo.v2"
  packages = [
    ".",
    "bson",
    "dbtest",
    "internal/json",
    "internal/sasl",
    "internal/scram"
  ]
  revision = "9856a29383ce1c59f308dd1cf0363a79b5bef6b5"

[[projects]]
  name = "gopkg.in/square/go-jose.v1"
  packages = [
    ".",
    "cipher",
    "json"
  ]
  revision = "6e50787b7338112747e64f32753fb4f9dbfb8f79"
  version = "v1.1.1"

[[projects]]
  branch = "v2"
  name = "gopkg.in/tomb.v2"
  packages = ["."]
  revision = "d5d1b5820637886def9eef33e03a27a9f166942c"

[[projects]]
  name = "gopkg.in/yaml.v2"
  packages = ["."]
  revision = "5420a8b6744d3b0345ab293f6fcba19c978f1183"
  version = "v2.2.1"

[solve-meta]
  analyzer-name = "dep"
  analyzer-version = 1
  inputs-digest = "de40202195b027601cc1338fb9732492d2c3fde8947f611e634edc69f29bebc3"
  solver-name = "gps-cdcl"
  solver-version = 1
